
Microsoft Visual Studio Solution File, Format Version 12.00
# Visual Studio Version 16
VisualStudioVersion = 16.0.32413.511
MinimumVisualStudioVersion = 10.0.40219.1
Project("{FAE04EC0-301F-11D3-BF4B-00C04F79EFBC}") = "BancoCurso", "BancoCurso\BancoCurso.csproj", "{D44509ED-02A6-4C83-94C1-4E406E60B1ED}"
EndProject
Global
	GlobalSection(SolutionConfigurationPlatforms) = preSolution
		Debug|Any CPU = Debug|Any CPU
		Release|Any CPU = Release|Any CPU
	EndGlobalSection
	GlobalSection(ProjectConfigurationPlatforms) = postSolution
		{D44509ED-02A6-4C83-94C1-4E406E60B1ED}.Debug|Any CPU.ActiveCfg = Debug|Any CPU
		{D44509ED-02A6-4C83-94C1-4E406E60B1ED}.Debug|Any CPU.Build.0 = Debug|Any CPU
		{D44509ED-02A6-4C83-94C1-4E406E60B1ED}.Release|Any CPU.ActiveCfg = Release|Any CPU
		{D44509ED-02A6-4C83-94C1-4E406E60B1ED}.Release|Any CPU.Build.0 = Release|Any CPU
	EndGlobalSection
	GlobalSection(SolutionProperties) = preSolution
		HideSolutionNode = FALSE
	EndGlobalSection
	GlobalSection(ExtensibilityGlobals) = postSolution
		SolutionGuid = {61F21683-68D9-4FD3-B5AE-C42F742A4B80}
	EndGlobalSection
EndGlobal
